
Microsoft Visual Studio Solution File, Format Version 12.00
Project("{FAE04EC0-301F-11D3-BF4B-00C04F79EFBC}") = "Vitalia.API", "Vitalia.API\Vitalia.API.csproj", "{915177AB-AE26-4BEC-BEDF-82D29B6BCC5A}"
EndProject
Global
	GlobalSection(SolutionConfigurationPlatforms) = preSolution
		Debug|Any CPU = Debug|Any CPU
		Release|Any CPU = Release|Any CPU
	EndGlobalSection
	GlobalSection(ProjectConfigurationPlatforms) = postSolution
		{915177AB-AE26-4BEC-BEDF-82D29B6BCC5A}.Debug|Any CPU.ActiveCfg = Debug|Any CPU
		{915177AB-AE26-4BEC-BEDF-82D29B6BCC5A}.Debug|Any CPU.Build.0 = Debug|Any CPU
		{915177AB-AE26-4BEC-BEDF-82D29B6BCC5A}.Release|Any CPU.ActiveCfg = Release|Any CPU
		{915177AB-AE26-4BEC-BEDF-82D29B6BCC5A}.Release|Any CPU.Build.0 = Release|Any CPU
	EndGlobalSection
EndGlobal
